// !$*UTF8*$!
{
	archiveVersion = 1;
	classes = {
	};
	objectVersion = 46;
	objects = {

/* Begin PBXBuildFile section */
		198DBD6C1CFC977D0059ED3C /* main.m in Sources */ = {isa = PBXBuildFile; fileRef = 198DBD6B1CFC977D0059ED3C /* main.m */; };
		198DBD6F1CFC977D0059ED3C /* AppDelegate.m in Sources */ = {isa = PBXBuildFile; fileRef = 198DBD6E1CFC977D0059ED3C /* AppDelegate.m */; };
		198DBD721CFC977D0059ED3C /* ViewController.m in Sources */ = {isa = PBXBuildFile; fileRef = 198DBD711CFC977D0059ED3C /* ViewController.m */; };
		198DBD751CFC977D0059ED3C /* Main.storyboard in Resources */ = {isa = PBXBuildFile; fileRef = 198DBD731CFC977D0059ED3C /* Main.storyboard */; };
		198DBD771CFC977D0059ED3C /* Assets.xcassets in Resources */ = {isa = PBXBuildFile; fileRef = 198DBD761CFC977D0059ED3C /* Assets.xcassets */; };
		198DBD7A1CFC977D0059ED3C /* LaunchScreen.storyboard in Resources */ = {isa = PBXBuildFile; fileRef = 198DBD781CFC977D0059ED3C /* LaunchScreen.storyboard */; };
		198DBD831CFC98080059ED3C /* CoreLocation.framework in Frameworks */ = {isa = PBXBuildFile; fileRef = 198DBD821CFC98080059ED3C /* CoreLocation.framework */; };
/* End PBXBuildFile section */

/* Begin PBXFileReference section */
		198DBD671CFC977D0059ED3C /* iOSNative.app */ = {isa = PBXFileReference; explicitFileType = wrapper.application; includeInIndex = 0; path = iOSNative.app; sourceTree = BUILT_PRODUCTS_DIR; };
		198DBD6B1CFC977D0059ED3C /* main.m */ = {isa = PBXFileReference; lastKnownFileType = sourcecode.c.objc; path = main.m; sourceTree = "<group>"; };
		198DBD6D1CFC977D0059ED3C /* AppDelegate.h */ = {isa = PBXFileReference; lastKnownFileType = sourcecode.c.h; path = AppDelegate.h; sourceTree = "<group>"; };
		198DBD6E1CFC977D0059ED3C /* AppDelegate.m */ = {isa = PBXFileReference; lastKnownFileType = sourcecode.c.objc; path = AppDelegate.m; sourceTree = "<group>"; };
		198DBD701CFC977D0059ED3C /* ViewController.h */ = {isa = PBXFileReference; lastKnownFileType = sourcecode.c.h; path = ViewController.h; sourceTree = "<group>"; };
		198DBD711CFC977D0059ED3C /* ViewController.m */ = {isa = PBXFileReference; lastKnownFileType = sourcecode.c.objc; path = ViewController.m; sourceTree = "<group>"; };
		198DBD741CFC977D0059ED3C /* Base */ = {isa = PBXFileReference; lastKnownFileType = file.storyboard; name = Base; path = Base.lproj/Main.storyboard; sourceTree = "<group>"; };
		198DBD761CFC977D0059ED3C /* Assets.xcassets */ = {isa = PBXFileReference; lastKnownFileType = folder.assetcatalog; path = Assets.xcassets; sourceTree = "<group>"; };
		198DBD791CFC977D0059ED3C /* Base */ = {isa = PBXFileReference; lastKnownFileType = file.storyboard; name = Base; path = Base.lproj/LaunchScreen.storyboard; sourceTree = "<group>"; };
		198DBD7B1CFC977D0059ED3C /* Info.plist */ = {isa = PBXFileReference; lastKnownFileType = text.plist.xml; path = Info.plist; sourceTree = "<group>"; };
		198DBD811CFC97E30059ED3C /* PrefixHeader.pch */ = {isa = PBXFileReference; fileEncoding = 4; lastKnownFileType = sourcecode.c.h; path = PrefixHeader.pch; sourceTree = "<group>"; };
		198DBD821CFC98080059ED3C /* CoreLocation.framework */ = {isa = PBXFileReference; lastKnownFileType = wrapper.framework; name = CoreLocation.framework; path = System/Library/Frameworks/CoreLocation.framework; sourceTree = SDKROOT; };
/* End PBXFileReference section */

/* Begin PBXFrameworksBuildPhase section */
		198DBD641CFC977D0059ED3C /* Frameworks */ = {
			isa = PBXFrameworksBuildPhase;
			buildActionMask = 2147483647;
			files = (
				198DBD831CFC98080059ED3C /* CoreLocation.framework in Frameworks */,
			);
			runOnlyForDeploymentPostprocessing = 0;
		};
/* End PBXFrameworksBuildPhase section */

/* Begin PBXGroup section */
		198DBD5E1CFC977C0059ED3C = {
			isa = PBXGroup;
			children = (
				198DBD691CFC977D0059ED3C /* iOSNative */,
				198DBD681CFC977D0059ED3C /* Products */,
			);
			sourceTree = "<group>";
		};
		198DBD681CFC977D0059ED3C /* Products */ = {
			isa = PBXGroup;
			children = (
				198DBD671CFC977D0059ED3C /* iOSNative.app */,
			);
			name = Products;
			sourceTree = "<group>";
		};
		198DBD691CFC977D0059ED3C /* iOSNative */ = {
			isa = PBXGroup;
			children = (
				198DBD6D1CFC977D0059ED3C /* AppDelegate.h */,
				198DBD6E1CFC977D0059ED3C /* AppDelegate.m */,
				198DBD701CFC977D0059ED3C /* ViewController.h */,
				198DBD711CFC977D0059ED3C /* ViewController.m */,
				198DBD731CFC977D0059ED3C /* Main.storyboard */,
				198DBD761CFC977D0059ED3C /* Assets.xcassets */,
				198DBD781CFC977D0059ED3C /* LaunchScreen.storyboard */,
				198DBD7B1CFC977D0059ED3C /* Info.plist */,
				198DBD6A1CFC977D0059ED3C /* Supporting Files */,
			);
			path = iOSNative;
			sourceTree = "<group>";
		};
		198DBD6A1CFC977D0059ED3C /* Supporting Files */ = {
			isa = PBXGroup;
			children = (
				198DBD821CFC98080059ED3C /* CoreLocation.framework */,
				198DBD811CFC97E30059ED3C /* PrefixHeader.pch */,
				198DBD6B1CFC977D0059ED3C /* main.m */,
			);
			name = "Supporting Files";
			sourceTree = "<group>";
		};
/* End PBXGroup section */

/* Begin PBXNativeTarget section */
		198DBD661CFC977D0059ED3C /* iOSNative */ = {
			isa = PBXNativeTarget;
			buildConfigurationList = 198DBD7E1CFC977D0059ED3C /* Build configuration list for PBXNativeTarget "iOSNative" */;
			buildPhases = (
				198DBD631CFC977D0059ED3C /* Sources */,
				198DBD641CFC977D0059ED3C /* Frameworks */,
				198DBD651CFC977D0059ED3C /* Resources */,
			);
			buildRules = (
			);
			dependencies = (
			);
			name = iOSNative;
			productName = iOSNative;
			productReference = 198DBD671CFC977D0059ED3C /* iOSNative.app */;
			productType = "com.apple.product-type.application";
		};
/* End PBXNativeTarget section */

/* Begin PBXProject section */
		198DBD5F1CFC977C0059ED3C /* Project object */ = {
			isa = PBXProject;
			attributes = {
				LastUpgradeCheck = 0730;
				ORGANIZATIONNAME = zestug;
				TargetAttributes = {
					198DBD661CFC977D0059ED3C = {
						CreatedOnToolsVersion = 7.3.1;
					};
				};
			};
			buildConfigurationList = 198DBD621CFC977C0059ED3C /* Build configuration list for PBXProject "iOSNative" */;
			compatibilityVersion = "Xcode 3.2";
			developmentRegion = English;
			hasScannedForEncodings = 0;
			knownRegions = (
				en,
				Base,
			);
			mainGroup = 198DBD5E1CFC977C0059ED3C;
			productRefGroup = 198DBD681CFC977D0059ED3C /* Products */;
			projectDirPath = "";
			projectRoot = "";
			targets = (
				198DBD661CFC977D0059ED3C /* iOSNative */,
			);
		};
/* End PBXProject section */

/* Begin PBXResourcesBuildPhase section */
		198DBD651CFC977D0059ED3C /* Resources */ = {
			isa = PBXResourcesBuildPhase;
			buildActionMask = 2147483647;
			files = (
				198DBD7A1CFC977D0059ED3C /* LaunchScreen.storyboard in Resources */,
				198DBD771CFC977D0059ED3C /* Assets.xcassets in Resources */,
				198DBD751CFC977D0059ED3C /* Main.storyboard in Resources */,
			);
			runOnlyForDeploymentPostprocessing = 0;
		};
/* End PBXResourcesBuildPhase section */

/* Begin PBXSourcesBuildPhase section */
		198DBD631CFC977D0059ED3C /* Sources */ = {
			isa = PBXSourcesBuildPhase;
			buildActionMask = 2147483647;
			files = (
				198DBD721CFC977D0059ED3C /* ViewController.m in Sources */,
				198DBD6F1CFC977D0059ED3C /* AppDelegate.m in Sources */,
				198DBD6C1CFC977D0059ED3C /* main.m in Sources */,
			);
			runOnlyForDeploymentPostprocessing = 0;
		};
/* End PBXSourcesBuildPhase section */

/* Begin PBXVariantGroup section */
		198DBD731CFC977D0059ED3C /* Main.storyboard */ = {
			isa = PBXVariantGroup;
			children = (
				198DBD741CFC977D0059ED3C /* Base */,
			);
			name = Main.storyboard;
			sourceTree = "<group>";
		};
		198DBD781CFC977D0059ED3C /* LaunchScreen.storyboard */ = {
			isa = PBXVariantGroup;
			children = (
				198DBD791CFC977D0059ED3C /* Base */,
			);
			name = LaunchScreen.storyboard;
			sourceTree = "<group>";
		};
/* End PBXVariantGroup section */

/* Begin XCBuildConfiguration section */
		198DBD7C1CFC977D0059ED3C /* Debug */ = {
			isa = XCBuildConfiguration;
			buildSettings = {
				ALWAYS_SEARCH_USER_PATHS = NO;
				CLANG_ANALYZER_NONNULL = YES;
				CLANG_CXX_LANGUAGE_STANDARD = "gnu++0x";
				CLANG_CXX_LIBRARY = "libc++";
				CLANG_ENABLE_MODULES = YES;
				CLANG_ENABLE_OBJC_ARC = YES;
				CLANG_WARN_BOOL_CONVERSION = YES;
				CLANG_WARN_CONSTANT_CONVERSION = YES;
				CLANG_WARN_DIRECT_OBJC_ISA_USAGE = YES_ERROR;
				CLANG_WARN_EMPTY_BODY = YES;
				CLANG_WARN_ENUM_CONVERSION = YES;
				CLANG_WARN_INT_CONVERSION = YES;
				CLANG_WARN_OBJC_ROOT_CLASS = YES_ERROR;
				CLANG_WARN_UNREACHABLE_CODE = YES;
				CLANG_WARN__DUPLICATE_METHOD_MATCH = YES;
				"CODE_SIGN_IDENTITY[sdk=iphoneos*]" = "iPhone Developer";
				COPY_PHASE_STRIP = NO;
				DEBUG_INFORMATION_FORMAT = dwarf;
				ENABLE_STRICT_OBJC_MSGSEND = YES;
				ENABLE_TESTABILITY = YES;
				GCC_C_LANGUAGE_STANDARD = gnu99;
				GCC_DYNAMIC_NO_PIC = NO;
				GCC_NO_COMMON_BLOCKS = YES;
				GCC_OPTIMIZATION_LEVEL = 0;
				GCC_PREPROCESSOR_DEFINITIONS = (
					"DEBUG=1",
					"$(inherited)",
				);
				GCC_WARN_64_TO_32_BIT_CONVERSION = YES;
				GCC_WARN_ABOUT_RETURN_TYPE = YES_ERROR;
				GCC_WARN_UNDECLARED_SELECTOR = YES;
				GCC_WARN_UNINITIALIZED_AUTOS = YES_AGGRESSIVE;
				GCC_WARN_UNUSED_FUNCTION = YES;
				GCC_WARN_UNUSED_VARIABLE = YES;
				IPHONEOS_DEPLOYMENT_TARGET = 9.3;
				MTL_ENABLE_DEBUG_INFO = YES;
				ONLY_ACTIVE_ARCH = YES;
				SDKROOT = iphoneos;
				TARGETED_DEVICE_FAMILY = "1,2";
			};
			name = Debug;
		};
		198DBD7D1CFC977D0059ED3C /* Release */ = {
			isa = XCBuildConfiguration;
			buildSettings = {
				ALWAYS_SEARCH_USER_PATHS = NO;
				CLANG_ANALYZER_NONNULL = YES;
				CLANG_CXX_LANGUAGE_STANDARD = "gnu++0x";
				CLANG_CXX_LIBRARY = "libc++";
				CLANG_ENABLE_MODULES = YES;
				CLANG_ENABLE_OBJC_ARC = YES;
				CLANG_WARN_BOOL_CONVERSION = YES;
				CLANG_WARN_CONSTANT_CONVERSION = YES;
				CLANG_WARN_DIRECT_OBJC_ISA_USAGE = YES_ERROR;
				CLANG_WARN_EMPTY_BODY = YES;
				CLANG_WARN_ENUM_CONVERSION = YES;
				CLANG_WARN_INT_CONVERSION = YES;
				CLANG_WARN_OBJC_ROOT_CLASS = YES_ERROR;
				CLANG_WARN_UNREACHABLE_CODE = YES;
				CLANG_WARN__DUPLICATE_METHOD_MATCH = YES;
				"CODE_SIGN_IDENTITY[sdk=iphoneos*]" = "iPhone Developer";
				COPY_PHASE_STRIP = NO;
				DEBUG_INFORMATION_FORMAT = "dwarf-with-dsym";
				ENABLE_NS_ASSERTIONS = NO;
				ENABLE_STRICT_OBJC_MSGSEND = YES;
				GCC_C_LANGUAGE_STANDARD = gnu99;
				GCC_NO_COMMON_BLOCKS = YES;
				GCC_WARN_64_TO_32_BIT_CONVERSION = YES;
				GCC_WARN_ABOUT_RETURN_TYPE = YES_ERROR;
				GCC_WARN_UNDECLARED_SELECTOR = YES;
				GCC_WARN_UNINITIALIZED_AUTOS = YES_AGGRESSIVE;
				GCC_WARN_UNUSED_FUNCTION = YES;
				GCC_WARN_UNUSED_VARIABLE = YES;
				IPHONEOS_DEPLOYMENT_TARGET = 9.3;
				MTL_ENABLE_DEBUG_INFO = NO;
				SDKROOT = iphoneos;
				TARGETED_DEVICE_FAMILY = "1,2";
				VALIDATE_PRODUCT = YES;
			};
			name = Release;
		};
		198DBD7F1CFC977D0059ED3C /* Debug */ = {
			isa = XCBuildConfiguration;
			buildSettings = {
				ASSETCATALOG_COMPILER_APPICON_NAME = AppIcon;
				GCC_PREFIX_HEADER = iOSNative/PrefixHeader.pch;
				INFOPLIST_FILE = iOSNative/Info.plist;
				LD_RUNPATH_SEARCH_PATHS = "$(inherited) @executable_path/Frameworks";
				PRODUCT_BUNDLE_IDENTIFIER = net.iOSNative;
				PRODUCT_NAME = "$(TARGET_NAME)";
			};
			name = Debug;
		};
		198DBD801CFC977D0059ED3C /* Release */ = {
			isa = XCBuildConfiguration;
			buildSettings = {
				ASSETCATALOG_COMPILER_APPICON_NAME = AppIcon;
				GCC_PREFIX_HEADER = iOSNative/PrefixHeader.pch;
				INFOPLIST_FILE = iOSNative/Info.plist;
				LD_RUNPATH_SEARCH_PATHS = "$(inherited) @executable_path/Frameworks";
				PRODUCT_BUNDLE_IDENTIFIER = net.iOSNative;
				PRODUCT_NAME = "$(TARGET_NAME)";
			};
			name = Release;
		};
/* End XCBuildConfiguration section */

/* Begin XCConfigurationList section */
		198DBD621CFC977C0059ED3C /* Build configuration list for PBXProject "iOSNative" */ = {
			isa = XCConfigurationList;
			buildConfigurations = (
				198DBD7C1CFC977D0059ED3C /* Debug */,
				198DBD7D1CFC977D0059ED3C /* Release */,
			);
			defaultConfigurationIsVisible = 0;
			defaultConfigurationName = Release;
		};
		198DBD7E1CFC977D0059ED3C /* Build configuration list for PBXNativeTarget "iOSNative" */ = {
			isa = XCConfigurationList;
			buildConfigurations = (
				198DBD7F1CFC977D0059ED3C /* Debug */,
				198DBD801CFC977D0059ED3C /* Release */,
			);
			defaultConfigurationIsVisible = 0;
		};
/* End XCConfigurationList section */
	};
	rootObject = 198DBD5F1CFC977C0059ED3C /* Project object */;
}
